{
  "version": 4,
  "terraform_version": "1.1.5",
  "serial": 179,
  "lineage": "58aa9728-6be4-58c3-4c29-6c73c2bba141",
  "outputs": {},
  "resources": [
    {
      "mode": "data",
      "type": "aws_caller_identity",
      "name": "current",
      "provider": "provider[\"registry.terraform.io/hashicorp/aws\"].master",
      "instances": [
        {
          "schema_version": 0,
          "attributes": {
            "account_id": "559190605129",
            "arn": "arn:aws:iam::559190605129:user/maxcli",
            "id": "559190605129",
            "user_id": "AIDAYEMS3PVE626SVSJ27"
          },
          "sensitive_attributes": []
        }
      ]
    },
    {
      "mode": "managed",
      "type": "aws_s3_bucket",
      "name": "pomelo-ml-production-2022-02-13",
      "provider": "provider[\"registry.terraform.io/hashicorp/aws\"].master",
      "instances": [
        {
          "schema_version": 0,
          "attributes": {
            "acceleration_status": "Enabled",
            "acl": "private",
            "arn": "arn:aws:s3:::pomelo-ml-production-2022-02-13",
            "bucket": "pomelo-ml-production-2022-02-13",
            "bucket_domain_name": "pomelo-ml-production-2022-02-13.s3.amazonaws.com",
            "bucket_prefix": null,
            "bucket_regional_domain_name": "pomelo-ml-production-2022-02-13.s3.ap-southeast-1.amazonaws.com",
            "cors_rule": [
              {
                "allowed_headers": [
                  "*"
                ],
                "allowed_methods": [
                  "GET"
                ],
                "allowed_origins": [
                  "*"
                ],
                "expose_headers": null,
                "max_age_seconds": 9000
              }
            ],
            "force_destroy": true,
            "grant": [],
            "hosted_zone_id": "Z3O0J2DXBE1FTB",
            "id": "pomelo-ml-production-2022-02-13",
            "lifecycle_rule": [],
            "logging": [],
            "object_lock_configuration": [],
            "policy": null,
            "region": "ap-southeast-1",
            "replication_configuration": [],
            "request_payer": "BucketOwner",
            "server_side_encryption_configuration": [
              {
                "rule": [
                  {
                    "apply_server_side_encryption_by_default": [
                      {
                        "kms_master_key_id": "",
                        "sse_algorithm": "AES256"
                      }
                    ],
                    "bucket_key_enabled": false
                  }
                ]
              }
            ],
            "tags": {
              "Department": "technology",
              "Environment": "staging",
              "Name": "pomelo-ml-production",
              "Schedule": "na",
              "Team": "all",
              "Tier": "backend"
            },
            "tags_all": {
              "Department": "technology",
              "Environment": "staging",
              "Name": "pomelo-ml-production",
              "Schedule": "na",
              "Team": "all",
              "Tier": "backend"
            },
            "versioning": [
              {
                "enabled": true,
                "mfa_delete": false
              }
            ],
            "website": [
              {
                "error_document": "",
                "index_document": "index.html",
                "redirect_all_requests_to": "",
                "routing_rules": ""
              }
            ],
            "website_domain": "s3-website-ap-southeast-1.amazonaws.com",
            "website_endpoint": "pomelo-ml-production-2022-02-13.s3-website-ap-southeast-1.amazonaws.com"
          },
          "sensitive_attributes": [],
          "private": "bnVsbA=="
        }
      ]
    },
    {
      "mode": "managed",
      "type": "aws_s3_bucket_policy",
      "name": "max-2022-s3",
      "provider": "provider[\"registry.terraform.io/hashicorp/aws\"].master",
      "instances": [
        {
          "schema_version": 0,
          "attributes": {
            "bucket": "pomelo-ml-production-2022-02-13",
            "id": "pomelo-ml-production-2022-02-13",
            "policy": "  {\n    \"Version\": \"2012-10-17\",\n    \"Statement\": [\n      {\n        \"Action\": \"s3:*\",\n        \"Effect\": \"Allow\",\n        \"Principal\": {\n          \"AWS\": \"arn:aws:iam::559190605129:root\"\n        },\n        \"Resource\": \"arn:aws:s3:::pomelo-ml-production-2022-02-13/*\"\n      }\n    ]\n  }\n"
          },
          "sensitive_attributes": [],
          "private": "bnVsbA==",
          "dependencies": [
            "aws_s3_bucket.pomelo-ml-production-2022-02-13"
          ]
        }
      ]
    }
  ]
}
