{
  "version": 4,
  "terraform_version": "1.1.5",
  "serial": 58,
  "lineage": "5093d99c-d69d-ebc1-bab5-876dfaeeb64a",
  "outputs": {},
  "resources": [
    {
      "mode": "data",
      "type": "aws_caller_identity",
      "name": "current",
      "provider": "provider[\"registry.terraform.io/hashicorp/aws\"].master",
      "instances": [
        {
          "schema_version": 0,
          "attributes": {
            "account_id": "559190605129",
            "arn": "arn:aws:iam::559190605129:user/maxcli",
            "id": "559190605129",
            "user_id": "AIDAYEMS3PVE626SVSJ27"
          },
          "sensitive_attributes": []
        }
      ]
    },
    {
      "mode": "managed",
      "type": "aws_s3_bucket",
      "name": "max-2022-s3-bucket",
      "provider": "provider[\"registry.terraform.io/hashicorp/aws\"].master",
      "instances": [
        {
          "schema_version": 0,
          "attributes": {
            "acceleration_status": "Enabled",
            "acl": "private",
            "arn": "arn:aws:s3:::max-2022-s3-bucket-c5b436b468",
            "bucket": "max-2022-s3-bucket-c5b436b468",
            "bucket_domain_name": "max-2022-s3-bucket-c5b436b468.s3.amazonaws.com",
            "bucket_prefix": null,
            "bucket_regional_domain_name": "max-2022-s3-bucket-c5b436b468.s3.ap-southeast-1.amazonaws.com",
            "cors_rule": [
              {
                "allowed_headers": [
                  "*"
                ],
                "allowed_methods": [
                  "GET"
                ],
                "allowed_origins": [
                  "*"
                ],
                "expose_headers": null,
                "max_age_seconds": 9000
              }
            ],
            "force_destroy": false,
            "grant": [],
            "hosted_zone_id": "Z3O0J2DXBE1FTB",
            "id": "max-2022-s3-bucket-c5b436b468",
            "lifecycle_rule": [],
            "logging": [],
            "object_lock_configuration": [],
            "policy": null,
            "region": "ap-southeast-1",
            "replication_configuration": [],
            "request_payer": "BucketOwner",
            "server_side_encryption_configuration": [
              {
                "rule": [
                  {
                    "apply_server_side_encryption_by_default": [
                      {
                        "kms_master_key_id": "",
                        "sse_algorithm": "AES256"
                      }
                    ],
                    "bucket_key_enabled": false
                  }
                ]
              }
            ],
            "tags": {
              "Department": "technology",
              "Environment": "staging",
              "Name": "max-2022-s3-bucket",
              "Schedule": "na",
              "Team": "all",
              "Tier": "backend"
            },
            "tags_all": {
              "Department": "technology",
              "Environment": "staging",
              "Name": "max-2022-s3-bucket",
              "Schedule": "na",
              "Team": "all",
              "Tier": "backend"
            },
            "versioning": [
              {
                "enabled": true,
                "mfa_delete": false
              }
            ],
            "website": [
              {
                "error_document": "",
                "index_document": "index.html",
                "redirect_all_requests_to": "",
                "routing_rules": ""
              }
            ],
            "website_domain": "s3-website-ap-southeast-1.amazonaws.com",
            "website_endpoint": "max-2022-s3-bucket-c5b436b468.s3-website-ap-southeast-1.amazonaws.com"
          },
          "sensitive_attributes": [],
          "private": "bnVsbA==",
          "dependencies": [
            "random_id.s3"
          ]
        }
      ]
    },
    {
      "mode": "managed",
      "type": "aws_s3_bucket_policy",
      "name": "max-2022-s3",
      "provider": "provider[\"registry.terraform.io/hashicorp/aws\"].master",
      "instances": [
        {
          "schema_version": 0,
          "attributes": {
            "bucket": "max-2022-s3-bucket-c5b436b468",
            "id": "max-2022-s3-bucket-c5b436b468",
            "policy": "  {\r\n    \"Version\": \"2012-10-17\",\r\n    \"Statement\": [\r\n      {\r\n        \"Action\": \"s3:*\",\r\n        \"Effect\": \"Allow\",\r\n        \"Principal\": {\r\n          \"AWS\": \"arn:aws:iam::559190605129:root\"\r\n        },\r\n        \"Resource\": \"arn:aws:s3:::max-2022-s3-bucket-c5b436b468/*\"\r\n      }\r\n    ]\r\n  }\r\n"
          },
          "sensitive_attributes": [],
          "private": "bnVsbA==",
          "dependencies": [
            "aws_s3_bucket.max-2022-s3-bucket",
            "random_id.s3"
          ]
        }
      ]
    },
    {
      "mode": "managed",
      "type": "random_id",
      "name": "s3",
      "provider": "provider[\"registry.terraform.io/hashicorp/random\"]",
      "instances": [
        {
          "schema_version": 0,
          "attributes": {
            "b64_std": "xbQ2tGg=",
            "b64_url": "xbQ2tGg",
            "byte_length": 5,
            "dec": "849132041320",
            "hex": "c5b436b468",
            "id": "xbQ2tGg",
            "keepers": null,
            "prefix": null
          },
          "sensitive_attributes": [],
          "private": "bnVsbA=="
        }
      ]
    }
  ]
}
